lockfileVersion: '9.0'

settings:
  autoInstallPeers: true
  excludeLinksFromLockfile: false

importers:

  .:
    devDependencies:
      turbo:
        specifier: ^2.3.3
        version: 2.10.9
      typescript:
        specifier: ^5.7.2
        version: 5.9.3

  apps/mobile-leader: {}

  apps/mobile-pilgrim: {}

  apps/web:
    dependencies:
      '@bufbuild/protobuf':
        specifier: ^1.10.0
        version: 1.10.1
      '@connectrpc/connect':
        specifier: ^1.6.1
        version: 1.7.0(@bufbuild/protobuf@1.10.1)
      '@connectrpc/connect-web':
        specifier: ^1.6.1
        version: 1.7.0(@bufbuild/protobuf@1.10.1)(@connectrpc/connect@1.7.0(@bufbuild/protobuf@1.10.1))
      '@hajj-saas/proto-gen':
        specifier: workspace:*
        version: link:../../packages/proto-gen
      '@tabler/icons-react':
        specifier: ^3.46.0
        version: 3.46.0(react@19.0.3)
      better-auth:
        specifier: ^1.6.28
        version: 1.6.28(next@15.2.3(react-dom@19.0.3(react@19.0.3))(react@19.0.3))(pg@8.23.0)(react-dom@19.0.3(react@19.0.3))(react@19.0.3)
      next:
        specifier: 15.2.3
        version: 15.2.3(react-dom@19.0.3(react@19.0.3))(react@19.0.3)
      papaparse:
        specifier: ^5.6.0
        version: 5.6.0
      pg:
        specifier: ^8.23.0
        version: 8.23.0
      react:
        specifier: 19.0.3
        version: 19.0.3
      react-dom:
        specifier: 19.0.3
        version: 19.0.3(react@19.0.3)
      zod:
        specifier: ^3.24.1
        version: 3.25.76
    devDependencies:
      '@types/node':
        specifier: ^22.10.2
        version: 22.20.1
      '@types/papaparse':
        specifier: ^5.5.2
        version: 5.5.2
      '@types/pg':
        specifier: ^8.21.0
        version: 8.21.0
      '@types/react':
        specifier: ^19.0.2
        version: 19.2.18
      '@types/react-dom':
        specifier: ^19.0.2
        version: 19.2.4(@types/react@19.2.18)
      tailwindcss:
        specifier: ^4.0.0
        version: 4.3.3

  packages/proto-gen:
    dependencies:
      '@bufbuild/protobuf':
        specifier: ^1.10.0
        version: 1.10.1
      '@connectrpc/connect':
        specifier: ^1.6.1
        version: 1.7.0(@bufbuild/protobuf@1.10.1)

  packages/ui: {}

  packages/validations: {}

packages:

  '@better-auth/core@1.6.28':
    resolution: {integrity: sha512-UzRh0Tx8OFmjl2iN+e+wNb3oZaBIXLw/DNgTotaEbatZdQePpekjq/0WBOHkLh6XEuOWQpF1VSJD8stgrQvP2Q==}
    peerDependencies:
      '@better-auth/utils': 0.4.2
      '@better-fetch/fetch': 1.3.1
      '@cloudflare/workers-types': '>=4'
      '@opentelemetry/api': ^1.9.0
      better-call: 1.4.0
      jose: ^6.1.0
      kysely: ^0.28.5 || ^0.29.0
      nanostores: ^1.0.1
    peerDependenciesMeta:
      '@cloudflare/workers-types':
        optional: true
      '@opentelemetry/api':
        optional: true

  '@better-auth/drizzle-adapter@1.6.28':
    resolution: {integrity: sha512-TXuiTUuAqwQ6vlLS4X2yPl+cqhqPBtbxsC8mqyVVpg5UlUmxPBv89iGDue/fROIqjHFX8rjkD5f8IiDTyOSlnw==}
    peerDependencies:
      '@better-auth/core': ^1.6.28
      '@better-auth/utils': 0.4.2
      drizzle-orm: ^0.45.2
    peerDependenciesMeta:
      drizzle-orm:
        optional: true

  '@better-auth/kysely-adapter@1.6.28':
    resolution: {integrity: sha512-EJ8qhdIvOAb+lisGIaWT4T1a8S2Fs2O22U+1GvTYhyra4+MVRakNLkn9og6rH2ILRibTpJ4itzanhpuWrkah3A==}
    peerDependencies:
      '@better-auth/core': ^1.6.28
      '@better-auth/utils': 0.4.2
      kysely: ^0.28.17 || ^0.29.0
    peerDependenciesMeta:
      kysely:
        optional: true

  '@better-auth/memory-adapter@1.6.28':
    resolution: {integrity: sha512-fl000Re8x8RsXNooZ7BJEq19f5UMOnbdkQKkY5qQJmLwWo/Sa1ODkfj6Mq1knFkOdJ5e6ABU2lh3a8WyqSH2aA==}
    peerDependencies:
      '@better-auth/core': ^1.6.28
      '@better-auth/utils': 0.4.2

  '@better-auth/mongo-adapter@1.6.28':
    resolution: {integrity: sha512-tJUmg7Z/TeOzpcdGceTkHVuyViVuHcradK1CFonLBuW4Vv+R5w8e2g9xuXOfjH4Wt9ZKd0LxyXWhpVVWWtyIQg==}
    peerDependencies:
      '@better-auth/core': ^1.6.28
      '@better-auth/utils': 0.4.2
      mongodb: ^6.0.0 || ^7.0.0
    peerDependenciesMeta:
      mongodb:
        optional: true

  '@better-auth/prisma-adapter@1.6.28':
    resolution: {integrity: sha512-Fr26MGainOZN6Oidz/AxiVDrHE5PN2v2z7hTlQGbHC4ZaVV8wrOt+QoQcJhQHZXJSzmOnVAQwW7dj3TWDbZhHA==}
    peerDependencies:
      '@better-auth/core': ^1.6.28
      '@better-auth/utils': 0.4.2
      '@prisma/client': ^5.0.0 || ^6.0.0 || ^7.0.0
      prisma: ^5.0.0 || ^6.0.0 || ^7.0.0
    peerDependenciesMeta:
      '@prisma/client':
        optional: true
      prisma:
        optional: true

  '@better-auth/telemetry@1.6.28':
    resolution: {integrity: sha512-FTa0TTcW1/FsodjnmE1oisAXg6lMjKEhgQExNafF05oHW624Qrz7GU7eFuBV/0qj5Jn3yIYyOsbqkVTRvSwKnw==}
    peerDependencies:
      '@better-auth/core': ^1.6.28
      '@better-auth/utils': 0.4.2
      '@better-fetch/fetch': 1.3.1

  '@better-auth/utils@0.4.2':
    resolution: {integrity: sha512-AUxrvu+HaaODsUyzDxFgwd/8RZ1yZaYo42LXKSrU2oGgR38pS1ij8nqQKNgtTWoYGpNevNXtCfgTy6loHveW9A==}

  '@better-auth/utils@0.5.0':
    resolution: {integrity: sha512-BL8W4EfIZFwlu0r54m3v1ztjDhu6dDe/amLTm0xybmbZaNgYUqhD3SjpAsnq0q8YD6/ki4iwIgxJNLP/N3TxiA==}

  '@better-fetch/fetch@1.3.1':
    resolution: {integrity: sha512-ABkD1WhyfPZprKRQI3bhATjeiFuNWC9PXhfGWqL+sg/gKrM977oFrYkdb4msM3hgUGonr7KlOsOFT5TU2rht9g==}

  '@bufbuild/protobuf@1.10.1':
    resolution: {integrity: sha512-wJ8ReQbHxsAfXhrf9ixl0aYbZorRuOWpBNzm8pL8ftmSxQx/wnJD5Eg861NwJU/czy2VXFIebCeZnZrI9rktIQ==}

  '@connectrpc/connect-web@1.7.0':
    resolution: {integrity: sha512-qyP0YOnUPRWwCc/VfsoydMJvkb7EyUPr2q9sHgBuJzbADjiqck1gKH5V5ZPzPhTLBvmz5UvG+wiZ5sMRQHU1MQ==}
    peerDependencies:
      '@bufbuild/protobuf': ^1.10.0
      '@connectrpc/connect': 1.7.0

  '@connectrpc/connect@1.7.0':
    resolution: {integrity: sha512-iNKdJRi69YP3mq6AePRT8F/HrxWCewrhxnLMNm0vpqXAR8biwzRtO6Hjx80C6UvtKJ5sFmffQT7I4Baecz389w==}
    peerDependencies:
      '@bufbuild/protobuf': ^1.10.0

  '@emnapi/runtime@1.11.3':
    resolution: {integrity: sha512-Xz4Tpyki7XyrpbUK1jR1AhdAdaXyhhY4lZ3neLodmhpuWfy2PAQN5B46sAiU4liOXGLkHypn/qU+jvfWSCYYLA==}

  '@img/sharp-darwin-arm64@0.33.5':
    resolution: {integrity: sha512-UT4p+iz/2H4twwAoLCqfA9UH5pI6DggwKEGuaPy7nCVQ8ZsiY5PIcrRvD1DzuY3qYL07NtIQcWnBSY/heikIFQ==}
    engines: {node: ^18.17.0 || ^20.3.0 || >=21.0.0}
    cpu: [arm64]
    os: [darwin]

  '@img/sharp-darwin-x64@0.33.5':
    resolution: {integrity: sha512-fyHac4jIc1ANYGRDxtiqelIbdWkIuQaI84Mv45KvGRRxSAa7o7d1ZKAOBaYbnepLC1WqxfpimdeWfvqqSGwR2Q==}
    engines: {node: ^18.17.0 || ^20.3.0 || >=21.0.0}
    cpu: [x64]
    os: [darwin]

  '@img/sharp-libvips-darwin-arm64@1.0.4':
    resolution: {integrity: sha512-XblONe153h0O2zuFfTAbQYAX2JhYmDHeWikp1LM9Hul9gVPjFY427k6dFEcOL72O01QxQsWi761svJ/ev9xEDg==}
    cpu: [arm64]
    os: [darwin]

  '@img/sharp-libvips-darwin-x64@1.0.4':
    resolution: {integrity: sha512-xnGR8YuZYfJGmWPvmlunFaWJsb9T/AO2ykoP3Fz/0X5XV2aoYBPkX6xqCQvUTKKiLddarLaxpzNe+b1hjeWHAQ==}
    cpu: [x64]
    os: [darwin]

  '@img/sharp-libvips-linux-arm64@1.0.4':
    resolution: {integrity: sha512-9B+taZ8DlyyqzZQnoeIvDVR/2F4EbMepXMc/NdVbkzsJbzkUjhXv/70GQJ7tdLA4YJgNP25zukcxpX2/SueNrA==}
    cpu: [arm64]
    os: [linux]

  '@img/sharp-libvips-linux-arm@1.0.5':
    resolution: {integrity: sha512-gvcC4ACAOPRNATg/ov8/MnbxFDJqf/pDePbBnuBDcjsI8PssmjoKMAz4LtLaVi+OnSb5FK/yIOamqDwGmXW32g==}
    cpu: [arm]
    os: [linux]

  '@img/sharp-libvips-linux-s390x@1.0.4':
    resolution: {integrity: sha512-u7Wz6ntiSSgGSGcjZ55im6uvTrOxSIS8/dgoVMoiGE9I6JAfU50yH5BoDlYA1tcuGS7g/QNtetJnxA6QEsCVTA==}
    cpu: [s390x]
    os: [linux]

  '@img/sharp-libvips-linux-x64@1.0.4':
    resolution: {integrity: sha512-MmWmQ3iPFZr0Iev+BAgVMb3ZyC4KeFc3jFxnNbEPas60e1cIfevbtuyf9nDGIzOaW9PdnDciJm+wFFaTlj5xYw==}
    cpu: [x64]
    os: [linux]

  '@img/sharp-libvips-linuxmusl-arm64@1.0.4':
    resolution: {integrity: sha512-9Ti+BbTYDcsbp4wfYib8Ctm1ilkugkA/uscUn6UXK1ldpC1JjiXbLfFZtRlBhjPZ5o1NCLiDbg8fhUPKStHoTA==}
    cpu: [arm64]
    os: [linux]

  '@img/sharp-libvips-linuxmusl-x64@1.0.4':
    resolution: {integrity: sha512-viYN1KX9m+/hGkJtvYYp+CCLgnJXwiQB39damAO7WMdKWlIhmYTfHjwSbQeUK/20vY154mwezd9HflVFM1wVSw==}
    cpu: [x64]
    os: [linux]

  '@img/sharp-linux-arm64@0.33.5':
    resolution: {integrity: sha512-JMVv+AMRyGOHtO1RFBiJy/MBsgz0x4AWrT6QoEVVTyh1E39TrCUpTRI7mx9VksGX4awWASxqCYLCV4wBZHAYxA==}
    engines: {node: ^18.17.0 || ^20.3.0 || >=21.0.0}
    cpu: [arm64]
    os: [linux]

  '@img/sharp-linux-arm@0.33.5':
    resolution: {integrity: sha512-JTS1eldqZbJxjvKaAkxhZmBqPRGmxgu+qFKSInv8moZ2AmT5Yib3EQ1c6gp493HvrvV8QgdOXdyaIBrhvFhBMQ==}
    engines: {node: ^18.17.0 || ^20.3.0 || >=21.0.0}
    cpu: [arm]
    os: [linux]

  '@img/sharp-linux-s390x@0.33.5':
    resolution: {integrity: sha512-y/5PCd+mP4CA/sPDKl2961b+C9d+vPAveS33s6Z3zfASk2j5upL6fXVPZi7ztePZ5CuH+1kW8JtvxgbuXHRa4Q==}
    engines: {node: ^18.17.0 || ^20.3.0 || >=21.0.0}
    cpu: [s390x]
    os: [linux]

  '@img/sharp-linux-x64@0.33.5':
    resolution: {integrity: sha512-opC+Ok5pRNAzuvq1AG0ar+1owsu842/Ab+4qvU879ippJBHvyY5n2mxF1izXqkPYlGuP/M556uh53jRLJmzTWA==}
    engines: {node: ^18.17.0 || ^20.3.0 || >=21.0.0}
    cpu: [x64]
    os: [linux]

  '@img/sharp-linuxmusl-arm64@0.33.5':
    resolution: {integrity: sha512-XrHMZwGQGvJg2V/oRSUfSAfjfPxO+4DkiRh6p2AFjLQztWUuY/o8Mq0eMQVIY7HJ1CDQUJlxGGZRw1a5bqmd1g==}
    engines: {node: ^18.17.0 || ^20.3.0 || >=21.0.0}
    cpu: [arm64]
    os: [linux]

  '@img/sharp-linuxmusl-x64@0.33.5':
    resolution: {integrity: sha512-WT+d/cgqKkkKySYmqoZ8y3pxx7lx9vVejxW/W4DOFMYVSkErR+w7mf2u8m/y4+xHe7yY9DAXQMWQhpnMuFfScw==}
    engines: {node: ^18.17.0 || ^20.3.0 || >=21.0.0}
    cpu: [x64]
    os: [linux]

  '@img/sharp-wasm32@0.33.5':
    resolution: {integrity: sha512-ykUW4LVGaMcU9lu9thv85CbRMAwfeadCJHRsg2GmeRa/cJxsVY9Rbd57JcMxBkKHag5U/x7TSBpScF4U8ElVzg==}
    engines: {node: ^18.17.0 || ^20.3.0 || >=21.0.0}
    cpu: [wasm32]

  '@img/sharp-win32-ia32@0.33.5':
    resolution: {integrity: sha512-T36PblLaTwuVJ/zw/LaH0PdZkRz5rd3SmMHX8GSmR7vtNSP5Z6bQkExdSK7xGWyxLw4sUknBuugTelgw2faBbQ==}
    engines: {node: ^18.17.0 || ^20.3.0 || >=21.0.0}
    cpu: [ia32]
    os: [win32]

  '@img/sharp-win32-x64@0.33.5':
    resolution: {integrity: sha512-MpY/o8/8kj+EcnxwvrP4aTJSWw/aZ7JIGR4aBeZkZw5B7/Jn+tY9/VNwtcoGmdT7GfggGIU4kygOMSbYnOrAbg==}
    engines: {node: ^18.17.0 || ^20.3.0 || >=21.0.0}
    cpu: [x64]
    os: [win32]

  '@next/env@15.2.3':
    resolution: {integrity: sha512-a26KnbW9DFEUsSxAxKBORR/uD9THoYoKbkpFywMN/AFvboTt94b8+g/07T8J6ACsdLag8/PDU60ov4rPxRAixw==}

  '@next/swc-darwin-arm64@15.2.3':
    resolution: {integrity: sha512-uaBhA8aLbXLqwjnsHSkxs353WrRgQgiFjduDpc7YXEU0B54IKx3vU+cxQlYwPCyC8uYEEX7THhtQQsfHnvv8dw==}
    engines: {node: '>= 10'}
    cpu: [arm64]
    os: [darwin]

  '@next/swc-darwin-x64@15.2.3':
    resolution: {integrity: sha512-pVwKvJ4Zk7h+4hwhqOUuMx7Ib02u3gDX3HXPKIShBi9JlYllI0nU6TWLbPT94dt7FSi6mSBhfc2JrHViwqbOdw==}
    engines: {node: '>= 10'}
    cpu: [x64]
    os: [darwin]

  '@next/swc-linux-arm64-gnu@15.2.3':
    resolution: {integrity: sha512-50ibWdn2RuFFkOEUmo9NCcQbbV9ViQOrUfG48zHBCONciHjaUKtHcYFiCwBVuzD08fzvzkWuuZkd4AqbvKO7UQ==}
    engines: {node: '>= 10'}
    cpu: [arm64]
    os: [linux]

  '@next/swc-linux-arm64-musl@15.2.3':
    resolution: {integrity: sha512-2gAPA7P652D3HzR4cLyAuVYwYqjG0mt/3pHSWTCyKZq/N/dJcUAEoNQMyUmwTZWCJRKofB+JPuDVP2aD8w2J6Q==}
    engines: {node: '>= 10'}
    cpu: [arm64]
    os: [linux]

  '@next/swc-linux-x64-gnu@15.2.3':
    resolution: {integrity: sha512-ODSKvrdMgAJOVU4qElflYy1KSZRM3M45JVbeZu42TINCMG3anp7YCBn80RkISV6bhzKwcUqLBAmOiWkaGtBA9w==}
    engines: {node: '>= 10'}
    cpu: [x64]
    os: [linux]

  '@next/swc-linux-x64-musl@15.2.3':
    resolution: {integrity: sha512-ZR9kLwCWrlYxwEoytqPi1jhPd1TlsSJWAc+H/CJHmHkf2nD92MQpSRIURR1iNgA/kuFSdxB8xIPt4p/T78kwsg==}
    engines: {node: '>= 10'}
    cpu: [x64]
    os: [linux]

  '@next/swc-win32-arm64-msvc@15.2.3':
    resolution: {integrity: sha512-+G2FrDcfm2YDbhDiObDU/qPriWeiz/9cRR0yMWJeTLGGX6/x8oryO3tt7HhodA1vZ8r2ddJPCjtLcpaVl7TE2Q==}
    engines: {node: '>= 10'}
    cpu: [arm64]
    os: [win32]

  '@next/swc-win32-x64-msvc@15.2.3':
    resolution: {integrity: sha512-gHYS9tc+G2W0ZC8rBL+H6RdtXIyk40uLiaos0yj5US85FNhbFEndMA2nW3z47nzOWiSvXTZ5kBClc3rD0zJg0w==}
    engines: {node: '>= 10'}
    cpu: [x64]
    os: [win32]

  '@noble/ciphers@2.3.0':
    resolution: {integrity: sha512-Clu/xdfgVTf9o7ngLOURaxePwR0j8sjclKEtVij10/jGulwFsPWCvvRgG/XjUVf8Nei+jLG6uwyXzUTGY1DQrw==}
    engines: {node: '>= 20.19.0'}

  '@noble/hashes@2.3.0':
    resolution: {integrity: sha512-oN+QwyX7VSHotibwubG3kpzbwKrfnyR6OOO+3Nk/53ADL7FmgHHz4TgrbaYKvvOw09u6QTx0oiH1cNCIOuN0CQ==}
    engines: {node: '>= 20.19.0'}

  '@opentelemetry/semantic-conventions@1.43.0':
    resolution: {integrity: sha512-eSYWTm620tTk45EKSedaUL8MFYI8hW164hIXsgIHyxu3VobUB3fFCu5t0hQby6OoWRPsG1KkKUG2M5UadiLiVg==}
    engines: {node: '>=14'}

  '@standard-schema/spec@1.1.0':
    resolution: {integrity: sha512-l2aFy5jALhniG5HgqrD6jXLi/rUWrKvqN/qJx6yoJsgKhblVd+iqqU4RCXavm/jPityDo5TCvKMnpjKnOriy0w==}

  '@swc/counter@0.1.3':
    resolution: {integrity: sha512-e2BR4lsJkkRlKZ/qCHPw9ZaSxc0MVUd7gtbtaB7aMvHeJVYe8sOB8DBZkP2DtISHGSku9sCK6T6cnY0CtXrOCQ==}

  '@swc/helpers@0.5.15':
    resolution: {integrity: sha512-JQ5TuMi45Owi4/BIMAJBoSQoOJu12oOk/gADqlcUL9JEdHB8vyjUSsxqeNXnmXHjYKMi2WcYtezGEEhqUI/E2g==}

  '@tabler/icons-react@3.46.0':
    resolution: {integrity: sha512-CCm7xJWhDT2PH4ZIFkP6AgYKtVhq0gpYkjUN+GVh1AzmIQaa77OW0bQPBPQiTE0PsXMR9oSxFqA3qBglzPyrVQ==}
    peerDependencies:
      react: '>= 16'

  '@tabler/icons@3.46.0':
    resolution: {integrity: sha512-f2RYFl3fzPwj5WO82x6en0dmkjefxEfOm16D1ByM6cj/McNiwOkL4VaPUoP9VVIrXAD9WnTSVFr70px703b//A==}

  '@turbo/darwin-64@2.10.9':
    resolution: {integrity: sha512-Jh+pTGXLNz8+1tkUU13TI/f+ZOI+OvC4YbHi1H+57iSpLt5DR3xgptd+4sA07RdjdRR/RX/01uQQu2OkbzIefA==}
    cpu: [x64]
    os: [darwin]

  '@turbo/darwin-arm64@2.10.9':
    resolution: {integrity: sha512-aqtpPkiIC4IUas8Vv27oJ3aDfTuP1d5wofd01dZ7gfhHRrIKuFdqQb4imvNnVFahcOViF9Jh8Oi7feDoz8/ciA==}
    cpu: [arm64]
    os: [darwin]

  '@turbo/linux-64@2.10.9':
    resolution: {integrity: sha512-XyAneUBsS5uNOUOjBSs81zyigMVwwhVUd3u7F2JFMKGQk6F7eNAiOEBASJ+aHLldjYsOEjhfW+5gWIqwziyFFw==}
    cpu: [x64]
    os: [android, linux]

  '@turbo/linux-arm64@2.10.9':
    resolution: {integrity: sha512-5jAcldLnkuWIjujGhCn2MGIeUwW8IVNOq9Sce4EEzzgLcxmhTasbV0RiW6ZkaRdOjmOCGzeNXPLkDJEOIucOLw==}
    cpu: [arm64]
    os: [android, linux]

  '@turbo/windows-64@2.10.9':
    resolution: {integrity: sha512-u1xGpGlefzuhBedbt/VR2nWdftfFVZwPeDg9e5uZl68sV1fL3HNYTNr5VyHkzgtPK2VTYg1x4OKZuGrh1Gvhtg==}
    cpu: [x64]
    os: [win32]

  '@turbo/windows-arm64@2.10.9':
    resolution: {integrity: sha512-W2Ub165Qv0iMFljbYKxxbZN+2dVSngnzEjQNEFXtnz5oJVx9XSypmNmUvMtuYMeZ3kdVC1zI7yd/rtuX+SDnbg==}
    cpu: [arm64]
    os: [win32]

  '@types/node@22.20.1':
    resolution: {integrity: sha512-EANqOCF9QFyra+4pfxUcX9STKJpCLjMbObVzljIJomAWSnuSIEAvyzEU53GaajbXJEgdh0iEcPL+DGvpUd4k1Q==}

  '@types/papaparse@5.5.2':
    resolution: {integrity: sha512-gFnFp/JMzLHCwRf7tQHrNnfhN4eYBVYYI897CGX4MY1tzY9l2aLkVyx2IlKZ/SAqDbB3I1AOZW5gTMGGsqWliA==}

  '@types/pg@8.21.0':
    resolution: {integrity: sha512-AYdtudzabjLZgVgRZmAnU8bAnVUXzuJX2IYHeSIiIHm68olD+LgQYCGWdtcNYnP0uq9c4S4NibVG3Ni7VbKW7Q==}

  '@types/react-dom@19.2.4':
    resolution: {integrity: sha512-Bsc+QHgp+P/F02XDzNCY9jnZNCUuLki36KT7VKrTXXLdHf+vHMNZnW1rVu5DNW/rCK+fya3DATySbLM4yhtKUw==}
    peerDependencies:
      '@types/react': ^19.2.0

  '@types/react@19.2.18':
    resolution: {integrity: sha512-AnzbBERsrLKtk2XSfTbYRLjQPdy116Sty4q+T+Bp3IC4l6jNBvreVPAHmpq9qhXQM7CXZPjLVmGMw9sy+hxQ3w==}

  better-auth@1.6.28:
    resolution: {integrity: sha512-PW1y6mepLINbv04mimKbF3qjy4B/3ynG/Kc0jT3X+qepu1M+9UJJj3kS8parSnpT8cPEHWhu5sJCuL7iyMyddw==}
    peerDependencies:
      '@lynx-js/react': '*'
      '@prisma/client': ^5.0.0 || ^6.0.0 || ^7.0.0
      '@sveltejs/kit': ^2.0.0
      '@tanstack/react-start': ^1.0.0
      '@tanstack/solid-start': ^1.0.0
      better-sqlite3: ^12.0.0
      drizzle-kit: '>=0.31.4'
      drizzle-orm: ^0.45.2
      mongodb: ^6.0.0 || ^7.0.0
      mysql2: ^3.0.0
      next: ^14.0.0 || ^15.0.0 || ^16.0.0
      pg: ^8.0.0
      prisma: ^5.0.0 || ^6.0.0 || ^7.0.0
      react: ^18.0.0 || ^19.0.0
      react-dom: ^18.0.0 || ^19.0.0
      solid-js: ^1.0.0
      svelte: ^4.0.0 || ^5.0.0
      vitest: ^2.0.0 || ^3.0.0 || ^4.0.0
      vue: ^3.0.0
    peerDependenciesMeta:
      '@lynx-js/react':
        optional: true
      '@prisma/client':
        optional: true
      '@sveltejs/kit':
        optional: true
      '@tanstack/react-start':
        optional: true
      '@tanstack/solid-start':
        optional: true
      better-sqlite3:
        optional: true
      drizzle-kit:
        optional: true
      drizzle-orm:
        optional: true
      mongodb:
        optional: true
      mysql2:
        optional: true
      next:
        optional: true
      pg:
        optional: true
      prisma:
        optional: true
      react:
        optional: true
      react-dom:
        optional: true
      solid-js:
        optional: true
      svelte:
        optional: true
      vitest:
        optional: true
      vue:
        optional: true

  better-call@1.4.0:
    resolution: {integrity: sha512-bBKOT4vv1kZLDgxVePdilk/Jwkn+dtRRsmi3DzHcDP+WnswyVl6dR59l2HEeP/0cB+bDoopASAesWDPIdd/zZA==}
    peerDependencies:
      zod: ^4.0.0
    peerDependenciesMeta:
      zod:
        optional: true

  busboy@1.6.0:
    resolution: {integrity: sha512-8SFQbg/0hQ9xy3UNTB0YEnsNBbWfhf7RtnzpL7TkBiTBRfrQ9Fxcnz7VJsleJpyp6rVLvXiuORqjlHi5q+PYuA==}
    engines: {node: '>=10.16.0'}

  caniuse-lite@1.0.30001809:
    resolution: {integrity: sha512-xxWVywk6a6Arlk+hymeycyn/VgqEfLDxupvhH/xiY5SJ/18kmi9o6MiO320DCUzypORHLtvh0I4i04tUhCNHNQ==}

  client-only@0.0.1:
    resolution: {integrity: sha512-IV3Ou0jSMzZrd3pZ48nLkT9DA7Ag1pnPzaiQhpW7c3RbcqqzvzzVu+L8gfqMp/8IM2MQtSiqaCxrrcfu8I8rMA==}

  color-convert@2.0.1:
    resolution: {integrity: sha512-RRECPsj7iu/xb5oKYcsFHSppFNnsj/52OVTRKb4zP5onXwVF3zVmmToNcOfGC+CRDpfK/U584fMg38ZHCaElKQ==}
    engines: {node: '>=7.0.0'}

  color-name@1.1.4:
    resolution: {integrity: sha512-dOy+3AuW3a2wNbZHIuMZpTcgjGuLU/uBL/ubcZF9OXbDo8ff4O8yVp5Bf0efS8uEoYo5q4Fx7dY9OgQGXgAsQA==}

  color-string@1.9.1:
    resolution: {integrity: sha512-shrVawQFojnZv6xM40anx4CkoDP+fZsw/ZerEMsW/pyzsRbElpsL/DBVW7q3ExxwusdNXI3lXpuhEZkzs8p5Eg==}

  color@4.2.3:
    resolution: {integrity: sha512-1rXeuUUiGGrykh+CeBdu5Ie7OJwinCgQY0bc7GCRxy5xVHy+moaqkpL/jqQq0MtQOeYcrqEz4abc5f0KtU7W4A==}
    engines: {node: '>=12.5.0'}

  csstype@3.2.3:
    resolution: {integrity: sha512-z1HGKcYy2xA8AGQfwrn0PAy+PB7X/GSj3UVJW9qKyn43xWa+gl5nXmU4qqLMRzWVLFC8KusUX8T/0kCiOYpAIQ==}

  defu@6.1.7:
    resolution: {integrity: sha512-7z22QmUWiQ/2d0KkdYmANbRUVABpZ9SNYyH5vx6PZ+nE5bcC0l7uFvEfHlyld/HcGBFTL536ClDt3DEcSlEJAQ==}

  detect-libc@2.1.2:
    resolution: {integrity: sha512-Btj2BOOO83o3WyH59e8MgXsxEQVcarkUOpEYrubB0urwnN10yQ364rsiByU11nZlqWYZm05i/of7io4mzihBtQ==}
    engines: {node: '>=8'}

  is-arrayish@0.3.4:
    resolution: {integrity: sha512-m6UrgzFVUYawGBh1dUsWR5M2Clqic9RVXC/9f8ceNlv2IcO9j9J/z8UoCLPqtsPBFNzEpfR3xftohbfqDx8EQA==}

  jose@6.2.8:
    resolution: {integrity: sha512-Bsdjwm3Qsd/P0jR+BHDe3LytDfY7WBq2HmCCLIwuVRHMuEC9ae7/R474GIUdF1NgCyZjzVo/A9DOiOBtXq8ZoQ==}

  kysely@0.29.5:
    resolution: {integrity: sha512-ooa+eSbBNPTo3MycPEuW5jdrxQdQwdtB3LC3h43FiXQbIry5tR0C5lDG7eealK0E4D7XjrnOP5DIUg/LyjRMYQ==}
    engines: {node: '>=22.0.0'}

  nanoid@3.3.18:
    resolution: {integrity: sha512-DTg4MJbGMWkfi6VZFdNt2/caMbQy4Ou+Op/hJQvGEWcnVfoA1QA+xzRKAzw9jD6+GVOOeYr/mIcuDSdug6F6+w==}
    engines: {node: ^10 || ^12 || ^13.7 || ^14 || >=15.0.1}
    hasBin: true

  nanostores@1.4.2:
    resolution: {integrity: sha512-Wxv8Roefr2nqtiRG0bnaFlpYqpIVtOEeJZHaH+4nGgOK1/7n6OHOuHCb/bhqrNQgZM8fyd0s1PqhdrJc9Ib44g==}
    engines: {node: ^20.0.0 || >=22.0.0}

  next@15.2.3:
    resolution: {integrity: sha512-x6eDkZxk2rPpu46E1ZVUWIBhYCLszmUY6fvHBFcbzJ9dD+qRX6vcHusaqqDlnY+VngKzKbAiG2iRCkPbmi8f7w==}
    engines: {node: ^18.18.0 || ^19.8.0 || >= 20.0.0}
    deprecated: This version has a security vulnerability. Please upgrade to a patched version. See https://nextjs.org/blog/CVE-2025-66478 for more details.
    hasBin: true
    peerDependencies:
      '@opentelemetry/api': ^1.1.0
      '@playwright/test': ^1.41.2
      babel-plugin-react-compiler: '*'
      react: ^18.2.0 || 19.0.0-rc-de68d2f4-20241204 || ^19.0.0
      react-dom: ^18.2.0 || 19.0.0-rc-de68d2f4-20241204 || ^19.0.0
      sass: ^1.3.0
    peerDependenciesMeta:
      '@opentelemetry/api':
        optional: true
      '@playwright/test':
        optional: true
      babel-plugin-react-compiler:
        optional: true
      sass:
        optional: true

  papaparse@5.6.0:
    resolution: {integrity: sha512-N2vuNQAYGK1/4vs6HJX86+VYU6OkiSTgdJz3JQfTk1y51cFCO/U8gnaeTF4iNE4r57Tt0sV47dUua1/19pxO6Q==}

  pg-cloudflare@1.4.0:
    resolution: {integrity: sha512-Vo7z/6rrQYxpNRylp4Tlob2elzbh+N/MOQbxFVWCxS7oEx6jF53GTJFxK2WWpKuBRkmiin4Mt+xofFDjx09R0A==}

  pg-connection-string@2.14.0:
    resolution: {integrity: sha512-XwWDGcLRGCXAR8F/AM5bG7Q+A3Wm2s6QeEjlOKZLlH3UYcguiqCWKyWXVag5TLTIjR7oOJUY8kcADaZgWPyLeg==}

  pg-int8@1.0.1:
    resolution: {integrity: sha512-WCtabS6t3c8SkpDBUlb1kjOs7l66xsGdKpIPZsg4wR+B3+u9UAum2odSsF9tnvxg80h4ZxLWMy4pRjOsFIqQpw==}
    engines: {node: '>=4.0.0'}

  pg-pool@3.14.0:
    resolution: {integrity: sha512-gKtPkFdQPU3DksooVLi9LsjZxrsBUZIpa+7aVx+LV5pNh0KzP4Zleud2po+ConrxbuXGBJ6Hfer6hdgpIBpBaw==}
    peerDependencies:
      pg: '>=8.0'

  pg-protocol@1.16.0:
    resolution: {integrity: sha512-sILXutLVjCLjcDuOmvhX5e2Z4cS5qG/6Bu3VkpFwdf/633ElGLpEh9bgmuI5I4sqKqkifQiGyiCcx1HdtrK7tg==}

  pg-types@2.2.0:
    resolution: {integrity: sha512-qTAAlrEsl8s4OiEQY69wDvcMIdQN6wdz5ojQiOy6YRMuynxenON0O5oCpJI6lshc6scgAY8qvJ2On/p+CXY0GA==}
    engines: {node: '>=4'}

  pg@8.23.0:
    resolution: {integrity: sha512-Ip2EQCngowJLGOfCwkFhPXU7/ljlhn6Rxlmy4XYfL2Y+vyRM59+8uR2xqRWKdYmbXmxCFOAmKxBuSUCdF34qLg==}
    engines: {node: '>= 16.0.0'}
    peerDependencies:
      pg-native: '>=3.0.1'
    peerDependenciesMeta:
      pg-native:
        optional: true

  pgpass@1.0.5:
    resolution: {integrity: sha512-FdW9r/jQZhSeohs1Z3sI1yxFQNFvMcnmfuj4WBMUTxOrAyLMaTcE1aAMBiTlbMNaXvBCQuVi0R7hd8udDSP7ug==}

  picocolors@1.1.1:
    resolution: {integrity: sha512-xceH2snhtb5M9liqDsmEw56le376mTZkEX/jEb/RxNFyegNul7eNslCXP9FDj/Lcu0X8KEyMceP2ntpaHrDEVA==}

  postcss@8.4.31:
    resolution: {integrity: sha512-PS08Iboia9mts/2ygV3eLpY5ghnUcfLV/EXTOW1E2qYxJKGGBUtNjN76FYHnMs36RmARn41bC0AZmn+rR0OVpQ==}
    engines: {node: ^10 || ^12 || >=14}

  postgres-array@2.0.0:
    resolution: {integrity: sha512-VpZrUqU5A69eQyW2c5CA1jtLecCsN2U/bD6VilrFDWq5+5UIEVO7nazS3TEcHf1zuPYO/sqGvUvW62g86RXZuA==}
    engines: {node: '>=4'}

  postgres-bytea@1.0.1:
    resolution: {integrity: sha512-5+5HqXnsZPE65IJZSMkZtURARZelel2oXUEO8rH83VS/hxH5vv1uHquPg5wZs8yMAfdv971IU+kcPUczi7NVBQ==}
    engines: {node: '>=0.10.0'}

  postgres-date@1.0.7:
    resolution: {integrity: sha512-suDmjLVQg78nMK2UZ454hAG+OAW+HQPZ6n++TNDUX+L0+uUlLywnoxJKDou51Zm+zTCjrCl0Nq6J9C5hP9vK/Q==}
    engines: {node: '>=0.10.0'}

  postgres-interval@1.2.0:
    resolution: {integrity: sha512-9ZhXKM/rw350N1ovuWHbGxnGh/SNJ4cnxHiM0rxE4VN41wsg8P8zWn9hv/buK00RP4WvlOyr/RBDiptyxVbkZQ==}
    engines: {node: '>=0.10.0'}

  react-dom@19.0.3:
    resolution: {integrity: sha512-a7ezLfxibhu6fZBVLwy6WEd3Jn/4H8JYVO8K8GtBfRf1Pl+ox7KFoMCzAGlxLZUXo0t44YZShzhhoDH3yMVdxQ==}
    peerDependencies:
      react: ^19.0.3

  react@19.0.3:
    resolution: {integrity: sha512-owzQanTgpB8GF7pVL6mUwZZyhKzFePi9++GkFk54i9PRU0jq+z7v9Mwg7PAZJYCiYl5YwcyQGGq5/PLkesd8nw==}
    engines: {node: '>=0.10.0'}

  rou3@0.9.2:
    resolution: {integrity: sha512-3SOzvaAg8rkHrXtRjpCvCvbyO5to9oOO27Z/XqHEYXfMRVSw/qMIVdmaOk9W2lcRLtR6dlqTjo9hDeJk70QBYQ==}

  scheduler@0.25.0:
    resolution: {integrity: sha512-xFVuu11jh+xcO7JOAGJNOXld8/TcEHK/4CituBUeUb5hqxJLj9YuemAEuvm9gQ/+pgXYfbQuqAkiYu+u7YEsNA==}

  semver@7.8.5:
    resolution: {integrity: sha512-Y7/KDsb8LjooZpwaqGyulO6DQlksgCncchHGk+sZIY4SBvUocMBEFH5Ur1fI4dV+Jvl0w6cjvucaIi40puRioA==}
    engines: {node: '>=10'}
    hasBin: true

  set-cookie-parser@3.1.2:
    resolution: {integrity: sha512-5/r/lTwbJ3zQ+qwdUFZYeRNqda7P5HD8zQKqlSjdGt1/S0cjLAphHusj4Y58ahDtWn/g32xrIS58/ikOvwl0Lw==}

  sharp@0.33.5:
    resolution: {integrity: sha512-haPVm1EkS9pgvHrQ/F3Xy+hgcuMV0Wm9vfIBSiwZ05k+xgb0PkBQpGsAA/oWdDobNaZTH5ppvHtzCFbnSEwHVw==}
    engines: {node: ^18.17.0 || ^20.3.0 || >=21.0.0}

  simple-swizzle@0.2.4:
    resolution: {integrity: sha512-nAu1WFPQSMNr2Zn9PGSZK9AGn4t/y97lEm+MXTtUDwfP0ksAIX4nO+6ruD9Jwut4C49SB1Ws+fbXsm/yScWOHw==}

  source-map-js@1.2.1:
    resolution: {integrity: sha512-UXWMKhLOwVKb728IUtQPXxfYU+usdybtUrK/8uGE8CQMvrhOpwvzDBwj0QhSL7MQc7vIsISBG8VQ8+IDQxpfQA==}
    engines: {node: '>=0.10.0'}

  split2@4.2.0:
    resolution: {integrity: sha512-UcjcJOWknrNkF6PLX83qcHM6KHgVKNkV62Y8a5uYDVv9ydGQVwAHMKqHdJje1VTWpljG0WYpCDhrCdAOYH4TWg==}
    engines: {node: '>= 10.x'}

  streamsearch@1.1.0:
    resolution: {integrity: sha512-Mcc5wHehp9aXz1ax6bZUyY5afg9u2rv5cqQI3mRrYkGC8rW2hM02jWuwjtL++LS5qinSyhj2QfLyNsuc+VsExg==}
    engines: {node: '>=10.0.0'}

  styled-jsx@5.1.6:
    resolution: {integrity: sha512-qSVyDTeMotdvQYoHWLNGwRFJHC+i+ZvdBRYosOFgC+Wg1vx4frN2/RG/NA7SYqqvKNLf39P2LSRA2pu6n0XYZA==}
    engines: {node: '>= 12.0.0'}
    peerDependencies:
      '@babel/core': '*'
      babel-plugin-macros: '*'
      react: '>= 16.8.0 || 17.x.x || ^18.0.0-0 || ^19.0.0-0'
    peerDependenciesMeta:
      '@babel/core':
        optional: true
      babel-plugin-macros:
        optional: true

  tailwindcss@4.3.3:
    resolution: {integrity: sha512-gOhV3P7ufE62QDGg1zVaTgCR+EtPv92k2nIhVcVKcLmxT1sUBsQGhnZj175j+MqRt4zLF7ic+sCYjfhxMxj7YQ==}

  tslib@2.8.1:
    resolution: {integrity: sha512-oJFu94HQb+KVduSUQL7wnpmqnfmLsOA/nAh6b6EH0wCEoK0/mPeXU6c3wKDV83MkOuHPRHtSXKKU99IBazS/2w==}

  turbo@2.10.9:
    resolution: {integrity: sha512-Yl9+ukxH+UmPtKidpDkjn82tvPoEvFNb9UACd9vUomN1Ft0cwl3rx0P8yC1D93W9EOsWRMjllvIDG8y25sFOog==}
    hasBin: true

  typescript@5.9.3:
    resolution: {integrity: sha512-jl1vZzPDinLr9eUt3J/t7V6FgNEw9QjvBPdysz9KfQDD41fQrC2Y4vKQdiaUpFT4bXlb1RHhLpp8wtm6M5TgSw==}
    engines: {node: '>=14.17'}
    hasBin: true

  undici-types@6.21.0:
    resolution: {integrity: sha512-iwDZqg0QAGrg9Rav5H4n0M64c3mkR59cJ6wQp+7C4nI0gsmExaedaYLNO44eT4AtBBwjbTiGPMlt2Md0T9H9JQ==}

  xtend@4.0.2:
    resolution: {integrity: sha512-LKYU1iAXJXUgAXn9URjiu+MWhyUXHsvfp7mcuYm9dSUKK0/CjtrUwFAxD82/mCWbtLsGjFIad0wIsod4zrTAEQ==}
    engines: {node: '>=0.4'}

  zod@3.25.76:
    resolution: {integrity: sha512-gzUt/qt81nXsFGKIFcC3YnfEAx5NkunCfnDlvuBSSFS02bcXu4Lmea0AFIUwbLWxWPx3d9p8S5QoaujKcNQxcQ==}

  zod@4.4.3:
    resolution: {integrity: sha512-ytENFjIJFl2UwYglde2jchW2Hwm4GJFLDiSXWdTrJQBIN9Fcyp7n4DhxJEiWNAJMV1/BqWfW/kkg71UDcHJyTQ==}

snapshots:

  '@better-auth/core@1.6.28(@better-auth/utils@0.4.2)(@better-fetch/fetch@1.3.1)(better-call@1.4.0(zod@3.25.76))(jose@6.2.8)(kysely@0.29.5)(nanostores@1.4.2)':
    dependencies:
      '@better-auth/utils': 0.4.2
      '@better-fetch/fetch': 1.3.1
      '@opentelemetry/semantic-conventions': 1.43.0
      '@standard-schema/spec': 1.1.0
      better-call: 1.4.0(zod@4.4.3)
      jose: 6.2.8
      kysely: 0.29.5
      nanostores: 1.4.2
      zod: 4.4.3

  '@better-auth/drizzle-adapter@1.6.28(@better-auth/core@1.6.28(@better-auth/utils@0.4.2)(@better-fetch/fetch@1.3.1)(better-call@1.4.0(zod@3.25.76))(jose@6.2.8)(kysely@0.29.5)(nanostores@1.4.2))(@better-auth/utils@0.4.2)':
    dependencies:
      '@better-auth/core': 1.6.28(@better-auth/utils@0.4.2)(@better-fetch/fetch@1.3.1)(better-call@1.4.0(zod@3.25.76))(jose@6.2.8)(kysely@0.29.5)(nanostores@1.4.2)
      '@better-auth/utils': 0.4.2

  '@better-auth/kysely-adapter@1.6.28(@better-auth/core@1.6.28(@better-auth/utils@0.4.2)(@better-fetch/fetch@1.3.1)(better-call@1.4.0(zod@3.25.76))(jose@6.2.8)(kysely@0.29.5)(nanostores@1.4.2))(@better-auth/utils@0.4.2)(kysely@0.29.5)':
    dependencies:
      '@better-auth/core': 1.6.28(@better-auth/utils@0.4.2)(@better-fetch/fetch@1.3.1)(better-call@1.4.0(zod@3.25.76))(jose@6.2.8)(kysely@0.29.5)(nanostores@1.4.2)
      '@better-auth/utils': 0.4.2
    optionalDependencies:
      kysely: 0.29.5

  '@better-auth/memory-adapter@1.6.28(@better-auth/core@1.6.28(@better-auth/utils@0.4.2)(@better-fetch/fetch@1.3.1)(better-call@1.4.0(zod@3.25.76))(jose@6.2.8)(kysely@0.29.5)(nanostores@1.4.2))(@better-auth/utils@0.4.2)':
    dependencies:
      '@better-auth/core': 1.6.28(@better-auth/utils@0.4.2)(@better-fetch/fetch@1.3.1)(better-call@1.4.0(zod@3.25.76))(jose@6.2.8)(kysely@0.29.5)(nanostores@1.4.2)
      '@better-auth/utils': 0.4.2

  '@better-auth/mongo-adapter@1.6.28(@better-auth/core@1.6.28(@better-auth/utils@0.4.2)(@better-fetch/fetch@1.3.1)(better-call@1.4.0(zod@3.25.76))(jose@6.2.8)(kysely@0.29.5)(nanostores@1.4.2))(@better-auth/utils@0.4.2)':
    dependencies:
      '@better-auth/core': 1.6.28(@better-auth/utils@0.4.2)(@better-fetch/fetch@1.3.1)(better-call@1.4.0(zod@3.25.76))(jose@6.2.8)(kysely@0.29.5)(nanostores@1.4.2)
      '@better-auth/utils': 0.4.2

  '@better-auth/prisma-adapter@1.6.28(@better-auth/core@1.6.28(@better-auth/utils@0.4.2)(@better-fetch/fetch@1.3.1)(better-call@1.4.0(zod@3.25.76))(jose@6.2.8)(kysely@0.29.5)(nanostores@1.4.2))(@better-auth/utils@0.4.2)':
    dependencies:
      '@better-auth/core': 1.6.28(@better-auth/utils@0.4.2)(@better-fetch/fetch@1.3.1)(better-call@1.4.0(zod@3.25.76))(jose@6.2.8)(kysely@0.29.5)(nanostores@1.4.2)
      '@better-auth/utils': 0.4.2

  '@better-auth/telemetry@1.6.28(@better-auth/core@1.6.28(@better-auth/utils@0.4.2)(@better-fetch/fetch@1.3.1)(better-call@1.4.0(zod@3.25.76))(jose@6.2.8)(kysely@0.29.5)(nanostores@1.4.2))(@better-auth/utils@0.4.2)(@better-fetch/fetch@1.3.1)':
    dependencies:
      '@better-auth/core': 1.6.28(@better-auth/utils@0.4.2)(@better-fetch/fetch@1.3.1)(better-call@1.4.0(zod@3.25.76))(jose@6.2.8)(kysely@0.29.5)(nanostores@1.4.2)
      '@better-auth/utils': 0.4.2
      '@better-fetch/fetch': 1.3.1

  '@better-auth/utils@0.4.2':
    dependencies:
      '@noble/hashes': 2.3.0

  '@better-auth/utils@0.5.0':
    dependencies:
      '@noble/hashes': 2.3.0

  '@better-fetch/fetch@1.3.1': {}

  '@bufbuild/protobuf@1.10.1': {}

  '@connectrpc/connect-web@1.7.0(@bufbuild/protobuf@1.10.1)(@connectrpc/connect@1.7.0(@bufbuild/protobuf@1.10.1))':
    dependencies:
      '@bufbuild/protobuf': 1.10.1
      '@connectrpc/connect': 1.7.0(@bufbuild/protobuf@1.10.1)

  '@connectrpc/connect@1.7.0(@bufbuild/protobuf@1.10.1)':
    dependencies:
      '@bufbuild/protobuf': 1.10.1

  '@emnapi/runtime@1.11.3':
    dependencies:
      tslib: 2.8.1
    optional: true

  '@img/sharp-darwin-arm64@0.33.5':
    optionalDependencies:
      '@img/sharp-libvips-darwin-arm64': 1.0.4
    optional: true

  '@img/sharp-darwin-x64@0.33.5':
    optionalDependencies:
      '@img/sharp-libvips-darwin-x64': 1.0.4
    optional: true

  '@img/sharp-libvips-darwin-arm64@1.0.4':
    optional: true

  '@img/sharp-libvips-darwin-x64@1.0.4':
    optional: true

  '@img/sharp-libvips-linux-arm64@1.0.4':
    optional: true

  '@img/sharp-libvips-linux-arm@1.0.5':
    optional: true

  '@img/sharp-libvips-linux-s390x@1.0.4':
    optional: true

  '@img/sharp-libvips-linux-x64@1.0.4':
    optional: true

  '@img/sharp-libvips-linuxmusl-arm64@1.0.4':
    optional: true

  '@img/sharp-libvips-linuxmusl-x64@1.0.4':
    optional: true

  '@img/sharp-linux-arm64@0.33.5':
    optionalDependencies:
      '@img/sharp-libvips-linux-arm64': 1.0.4
    optional: true

  '@img/sharp-linux-arm@0.33.5':
    optionalDependencies:
      '@img/sharp-libvips-linux-arm': 1.0.5
    optional: true

  '@img/sharp-linux-s390x@0.33.5':
    optionalDependencies:
      '@img/sharp-libvips-linux-s390x': 1.0.4
    optional: true

  '@img/sharp-linux-x64@0.33.5':
    optionalDependencies:
      '@img/sharp-libvips-linux-x64': 1.0.4
    optional: true

  '@img/sharp-linuxmusl-arm64@0.33.5':
    optionalDependencies:
      '@img/sharp-libvips-linuxmusl-arm64': 1.0.4
    optional: true

  '@img/sharp-linuxmusl-x64@0.33.5':
    optionalDependencies:
      '@img/sharp-libvips-linuxmusl-x64': 1.0.4
    optional: true

  '@img/sharp-wasm32@0.33.5':
    dependencies:
      '@emnapi/runtime': 1.11.3
    optional: true

  '@img/sharp-win32-ia32@0.33.5':
    optional: true

  '@img/sharp-win32-x64@0.33.5':
    optional: true

  '@next/env@15.2.3': {}

  '@next/swc-darwin-arm64@15.2.3':
    optional: true

  '@next/swc-darwin-x64@15.2.3':
    optional: true

  '@next/swc-linux-arm64-gnu@15.2.3':
    optional: true

  '@next/swc-linux-arm64-musl@15.2.3':
    optional: true

  '@next/swc-linux-x64-gnu@15.2.3':
    optional: true

  '@next/swc-linux-x64-musl@15.2.3':
    optional: true

  '@next/swc-win32-arm64-msvc@15.2.3':
    optional: true

  '@next/swc-win32-x64-msvc@15.2.3':
    optional: true

  '@noble/ciphers@2.3.0': {}

  '@noble/hashes@2.3.0': {}

  '@opentelemetry/semantic-conventions@1.43.0': {}

  '@standard-schema/spec@1.1.0': {}

  '@swc/counter@0.1.3': {}

  '@swc/helpers@0.5.15':
    dependencies:
      tslib: 2.8.1

  '@tabler/icons-react@3.46.0(react@19.0.3)':
    dependencies:
      '@tabler/icons': 3.46.0
      react: 19.0.3

  '@tabler/icons@3.46.0': {}

  '@turbo/darwin-64@2.10.9':
    optional: true

  '@turbo/darwin-arm64@2.10.9':
    optional: true

  '@turbo/linux-64@2.10.9':
    optional: true

  '@turbo/linux-arm64@2.10.9':
    optional: true

  '@turbo/windows-64@2.10.9':
    optional: true

  '@turbo/windows-arm64@2.10.9':
    optional: true

  '@types/node@22.20.1':
    dependencies:
      undici-types: 6.21.0

  '@types/papaparse@5.5.2':
    dependencies:
      '@types/node': 22.20.1

  '@types/pg@8.21.0':
    dependencies:
      '@types/node': 22.20.1
      pg-protocol: 1.16.0
      pg-types: 2.2.0

  '@types/react-dom@19.2.4(@types/react@19.2.18)':
    dependencies:
      '@types/react': 19.2.18

  '@types/react@19.2.18':
    dependencies:
      csstype: 3.2.3

  better-auth@1.6.28(next@15.2.3(react-dom@19.0.3(react@19.0.3))(react@19.0.3))(pg@8.23.0)(react-dom@19.0.3(react@19.0.3))(react@19.0.3):
    dependencies:
      '@better-auth/core': 1.6.28(@better-auth/utils@0.4.2)(@better-fetch/fetch@1.3.1)(better-call@1.4.0(zod@3.25.76))(jose@6.2.8)(kysely@0.29.5)(nanostores@1.4.2)
      '@better-auth/drizzle-adapter': 1.6.28(@better-auth/core@1.6.28(@better-auth/utils@0.4.2)(@better-fetch/fetch@1.3.1)(better-call@1.4.0(zod@3.25.76))(jose@6.2.8)(kysely@0.29.5)(nanostores@1.4.2))(@better-auth/utils@0.4.2)
      '@better-auth/kysely-adapter': 1.6.28(@better-auth/core@1.6.28(@better-auth/utils@0.4.2)(@better-fetch/fetch@1.3.1)(better-call@1.4.0(zod@3.25.76))(jose@6.2.8)(kysely@0.29.5)(nanostores@1.4.2))(@better-auth/utils@0.4.2)(kysely@0.29.5)
      '@better-auth/memory-adapter': 1.6.28(@better-auth/core@1.6.28(@better-auth/utils@0.4.2)(@better-fetch/fetch@1.3.1)(better-call@1.4.0(zod@3.25.76))(jose@6.2.8)(kysely@0.29.5)(nanostores@1.4.2))(@better-auth/utils@0.4.2)
      '@better-auth/mongo-adapter': 1.6.28(@better-auth/core@1.6.28(@better-auth/utils@0.4.2)(@better-fetch/fetch@1.3.1)(better-call@1.4.0(zod@3.25.76))(jose@6.2.8)(kysely@0.29.5)(nanostores@1.4.2))(@better-auth/utils@0.4.2)
      '@better-auth/prisma-adapter': 1.6.28(@better-auth/core@1.6.28(@better-auth/utils@0.4.2)(@better-fetch/fetch@1.3.1)(better-call@1.4.0(zod@3.25.76))(jose@6.2.8)(kysely@0.29.5)(nanostores@1.4.2))(@better-auth/utils@0.4.2)
      '@better-auth/telemetry': 1.6.28(@better-auth/core@1.6.28(@better-auth/utils@0.4.2)(@better-fetch/fetch@1.3.1)(better-call@1.4.0(zod@3.25.76))(jose@6.2.8)(kysely@0.29.5)(nanostores@1.4.2))(@better-auth/utils@0.4.2)(@better-fetch/fetch@1.3.1)
      '@better-auth/utils': 0.4.2
      '@better-fetch/fetch': 1.3.1
      '@noble/ciphers': 2.3.0
      '@noble/hashes': 2.3.0
      better-call: 1.4.0(zod@4.4.3)
      defu: 6.1.7
      jose: 6.2.8
      kysely: 0.29.5
      nanostores: 1.4.2
      zod: 4.4.3
    optionalDependencies:
      next: 15.2.3(react-dom@19.0.3(react@19.0.3))(react@19.0.3)
      pg: 8.23.0
      react: 19.0.3
      react-dom: 19.0.3(react@19.0.3)
    transitivePeerDependencies:
      - '@cloudflare/workers-types'
      - '@opentelemetry/api'

  better-call@1.4.0(zod@4.4.3):
    dependencies:
      '@better-auth/utils': 0.5.0
      '@better-fetch/fetch': 1.3.1
      rou3: 0.9.2
      set-cookie-parser: 3.1.2
    optionalDependencies:
      zod: 4.4.3

  busboy@1.6.0:
    dependencies:
      streamsearch: 1.1.0

  caniuse-lite@1.0.30001809: {}

  client-only@0.0.1: {}

  color-convert@2.0.1:
    dependencies:
      color-name: 1.1.4
    optional: true

  color-name@1.1.4:
    optional: true

  color-string@1.9.1:
    dependencies:
      color-name: 1.1.4
      simple-swizzle: 0.2.4
    optional: true

  color@4.2.3:
    dependencies:
      color-convert: 2.0.1
      color-string: 1.9.1
    optional: true

  csstype@3.2.3: {}

  defu@6.1.7: {}

  detect-libc@2.1.2:
    optional: true

  is-arrayish@0.3.4:
    optional: true

  jose@6.2.8: {}

  kysely@0.29.5: {}

  nanoid@3.3.18: {}

  nanostores@1.4.2: {}

  next@15.2.3(react-dom@19.0.3(react@19.0.3))(react@19.0.3):
    dependencies:
      '@next/env': 15.2.3
      '@swc/counter': 0.1.3
      '@swc/helpers': 0.5.15
      busboy: 1.6.0
      caniuse-lite: 1.0.30001809
      postcss: 8.4.31
      react: 19.0.3
      react-dom: 19.0.3(react@19.0.3)
      styled-jsx: 5.1.6(react@19.0.3)
    optionalDependencies:
      '@next/swc-darwin-arm64': 15.2.3
      '@next/swc-darwin-x64': 15.2.3
      '@next/swc-linux-arm64-gnu': 15.2.3
      '@next/swc-linux-arm64-musl': 15.2.3
      '@next/swc-linux-x64-gnu': 15.2.3
      '@next/swc-linux-x64-musl': 15.2.3
      '@next/swc-win32-arm64-msvc': 15.2.3
      '@next/swc-win32-x64-msvc': 15.2.3
      sharp: 0.33.5
    transitivePeerDependencies:
      - '@babel/core'
      - babel-plugin-macros

  papaparse@5.6.0: {}

  pg-cloudflare@1.4.0:
    optional: true

  pg-connection-string@2.14.0: {}

  pg-int8@1.0.1: {}

  pg-pool@3.14.0(pg@8.23.0):
    dependencies:
      pg: 8.23.0

  pg-protocol@1.16.0: {}

  pg-types@2.2.0:
    dependencies:
      pg-int8: 1.0.1
      postgres-array: 2.0.0
      postgres-bytea: 1.0.1
      postgres-date: 1.0.7
      postgres-interval: 1.2.0

  pg@8.23.0:
    dependencies:
      pg-connection-string: 2.14.0
      pg-pool: 3.14.0(pg@8.23.0)
      pg-protocol: 1.16.0
      pg-types: 2.2.0
      pgpass: 1.0.5
    optionalDependencies:
      pg-cloudflare: 1.4.0

  pgpass@1.0.5:
    dependencies:
      split2: 4.2.0

  picocolors@1.1.1: {}

  postcss@8.4.31:
    dependencies:
      nanoid: 3.3.18
      picocolors: 1.1.1
      source-map-js: 1.2.1

  postgres-array@2.0.0: {}

  postgres-bytea@1.0.1: {}

  postgres-date@1.0.7: {}

  postgres-interval@1.2.0:
    dependencies:
      xtend: 4.0.2

  react-dom@19.0.3(react@19.0.3):
    dependencies:
      react: 19.0.3
      scheduler: 0.25.0

  react@19.0.3: {}

  rou3@0.9.2: {}

  scheduler@0.25.0: {}

  semver@7.8.5:
    optional: true

  set-cookie-parser@3.1.2: {}

  sharp@0.33.5:
    dependencies:
      color: 4.2.3
      detect-libc: 2.1.2
      semver: 7.8.5
    optionalDependencies:
      '@img/sharp-darwin-arm64': 0.33.5
      '@img/sharp-darwin-x64': 0.33.5
      '@img/sharp-libvips-darwin-arm64': 1.0.4
      '@img/sharp-libvips-darwin-x64': 1.0.4
      '@img/sharp-libvips-linux-arm': 1.0.5
      '@img/sharp-libvips-linux-arm64': 1.0.4
      '@img/sharp-libvips-linux-s390x': 1.0.4
      '@img/sharp-libvips-linux-x64': 1.0.4
      '@img/sharp-libvips-linuxmusl-arm64': 1.0.4
      '@img/sharp-libvips-linuxmusl-x64': 1.0.4
      '@img/sharp-linux-arm': 0.33.5
      '@img/sharp-linux-arm64': 0.33.5
      '@img/sharp-linux-s390x': 0.33.5
      '@img/sharp-linux-x64': 0.33.5
      '@img/sharp-linuxmusl-arm64': 0.33.5
      '@img/sharp-linuxmusl-x64': 0.33.5
      '@img/sharp-wasm32': 0.33.5
      '@img/sharp-win32-ia32': 0.33.5
      '@img/sharp-win32-x64': 0.33.5
    optional: true

  simple-swizzle@0.2.4:
    dependencies:
      is-arrayish: 0.3.4
    optional: true

  source-map-js@1.2.1: {}

  split2@4.2.0: {}

  streamsearch@1.1.0: {}

  styled-jsx@5.1.6(react@19.0.3):
    dependencies:
      client-only: 0.0.1
      react: 19.0.3

  tailwindcss@4.3.3: {}

  tslib@2.8.1: {}

  turbo@2.10.9:
    optionalDependencies:
      '@turbo/darwin-64': 2.10.9
      '@turbo/darwin-arm64': 2.10.9
      '@turbo/linux-64': 2.10.9
      '@turbo/linux-arm64': 2.10.9
      '@turbo/windows-64': 2.10.9
      '@turbo/windows-arm64': 2.10.9

  typescript@5.9.3: {}

  undici-types@6.21.0: {}

  xtend@4.0.2: {}

  zod@3.25.76: {}

  zod@4.4.3: {}
